
Microsoft Visual Studio Solution File, Format Version 12.00
# Visual Studio 14
VisualStudioVersion = 14.0.25420.1
MinimumVisualStudioVersion = 10.0.40219.1
Project("{FAE04EC0-301F-11D3-BF4B-00C04F79EFBC}") = "Ventas.Web", "Ventas.Web\Ventas.Web.csproj", "{08F3F446-E811-4441-8676-91808DEAD8FC}"
EndProject
Project("{FAE04EC0-301F-11D3-BF4B-00C04F79EFBC}") = "Ventas.WebAdministracion", "Ventas.WebAdministracion\Ventas.WebAdministracion.csproj", "{FF47B295-FD5E-4C8F-BBC6-C5DEB7DA5A27}"
EndProject
Project("{FAE04EC0-301F-11D3-BF4B-00C04F79EFBC}") = "Ventas.BL", "Ventas.BL\Ventas.BL.csproj", "{81ABFE64-8859-40B4-B55D-B9E66A508415}"
EndProject
Project("{FAE04EC0-301F-11D3-BF4B-00C04F79EFBC}") = "Ventas1.Win", "Ventas1.Win\Ventas1.Win.csproj", "{EADBF6A1-8041-4B0E-BFF3-67CA09066CDB}"
EndProject
Global
	GlobalSection(SolutionConfigurationPlatforms) = preSolution
		Debug|Any CPU = Debug|Any CPU
		Release|Any CPU = Release|Any CPU
	EndGlobalSection
	GlobalSection(ProjectConfigurationPlatforms) = postSolution
		{08F3F446-E811-4441-8676-91808DEAD8FC}.Debug|Any CPU.ActiveCfg = Debug|Any CPU
		{08F3F446-E811-4441-8676-91808DEAD8FC}.Debug|Any CPU.Build.0 = Debug|Any CPU
		{08F3F446-E811-4441-8676-91808DEAD8FC}.Release|Any CPU.ActiveCfg = Release|Any CPU
		{08F3F446-E811-4441-8676-91808DEAD8FC}.Release|Any CPU.Build.0 = Release|Any CPU
		{FF47B295-FD5E-4C8F-BBC6-C5DEB7DA5A27}.Debug|Any CPU.ActiveCfg = Debug|Any CPU
		{FF47B295-FD5E-4C8F-BBC6-C5DEB7DA5A27}.Debug|Any CPU.Build.0 = Debug|Any CPU
		{FF47B295-FD5E-4C8F-BBC6-C5DEB7DA5A27}.Release|Any CPU.ActiveCfg = Release|Any CPU
		{FF47B295-FD5E-4C8F-BBC6-C5DEB7DA5A27}.Release|Any CPU.Build.0 = Release|Any CPU
		{81ABFE64-8859-40B4-B55D-B9E66A508415}.Debug|Any CPU.ActiveCfg = Debug|Any CPU
		{81ABFE64-8859-40B4-B55D-B9E66A508415}.Debug|Any CPU.Build.0 = Debug|Any CPU
		{81ABFE64-8859-40B4-B55D-B9E66A508415}.Release|Any CPU.ActiveCfg = Release|Any CPU
		{81ABFE64-8859-40B4-B55D-B9E66A508415}.Release|Any CPU.Build.0 = Release|Any CPU
		{EADBF6A1-8041-4B0E-BFF3-67CA09066CDB}.Debug|Any CPU.ActiveCfg = Debug|Any CPU
		{EADBF6A1-8041-4B0E-BFF3-67CA09066CDB}.Debug|Any CPU.Build.0 = Debug|Any CPU
		{EADBF6A1-8041-4B0E-BFF3-67CA09066CDB}.Release|Any CPU.ActiveCfg = Release|Any CPU
		{EADBF6A1-8041-4B0E-BFF3-67CA09066CDB}.Release|Any CPU.Build.0 = Release|Any CPU
	EndGlobalSection
	GlobalSection(SolutionProperties) = preSolution
		HideSolutionNode = FALSE
	EndGlobalSection
EndGlobal
